
Microsoft Visual Studio Solution File, Format Version 12.00
# Visual Studio Version 16
VisualStudioVersion = 16.0.31205.134
MinimumVisualStudioVersion = 10.0.40219.1
Project("{FAE04EC0-301F-11D3-BF4B-00C04F79EFBC}") = "WebApplicationASPDotNetCore", "WebApplicationASPDotNetCore\WebApplicationASPDotNetCore.csproj", "{D0547D4E-61A7-4F2E-9597-69409E42CB7F}"
EndProject
Global
	GlobalSection(SolutionConfigurationPlatforms) = preSolution
		Debug|Any CPU = Debug|Any CPU
		Release|Any CPU = Release|Any CPU
	EndGlobalSection
	GlobalSection(ProjectConfigurationPlatforms) = postSolution
		{D0547D4E-61A7-4F2E-9597-69409E42CB7F}.Debug|Any CPU.ActiveCfg = Debug|Any CPU
		{D0547D4E-61A7-4F2E-9597-69409E42CB7F}.Debug|Any CPU.Build.0 = Debug|Any CPU
		{D0547D4E-61A7-4F2E-9597-69409E42CB7F}.Release|Any CPU.ActiveCfg = Release|Any CPU
		{D0547D4E-61A7-4F2E-9597-69409E42CB7F}.Release|Any CPU.Build.0 = Release|Any CPU
	EndGlobalSection
	GlobalSection(SolutionProperties) = preSolution
		HideSolutionNode = FALSE
	EndGlobalSection
	GlobalSection(ExtensibilityGlobals) = postSolution
		SolutionGuid = {C63D2ED9-F7F9-42B7-A22A-F85B50E26E19}
	EndGlobalSection
EndGlobal
